
Microsoft Visual Studio Solution File, Format Version 12.00
Project("{FAE04EC0-301F-11D3-BF4B-00C04F79EFBC}") = "OaClientGenerator", "OaClientGenerator\OaClientGenerator.csproj", "{C3A85F61-F383-4D77-BE1E-80BA939131A6}"
EndProject
Global
	GlobalSection(SolutionConfigurationPlatforms) = preSolution
		Debug|Any CPU = Debug|Any CPU
		Release|Any CPU = Release|Any CPU
	EndGlobalSection
	GlobalSection(ProjectConfigurationPlatforms) = postSolution
		{C3A85F61-F383-4D77-BE1E-80BA939131A6}.Debug|Any CPU.ActiveCfg = Debug|Any CPU
		{C3A85F61-F383-4D77-BE1E-80BA939131A6}.Debug|Any CPU.Build.0 = Debug|Any CPU
		{C3A85F61-F383-4D77-BE1E-80BA939131A6}.Release|Any CPU.ActiveCfg = Release|Any CPU
		{C3A85F61-F383-4D77-BE1E-80BA939131A6}.Release|Any CPU.Build.0 = Release|Any CPU
	EndGlobalSection
EndGlobal
